# This file is autogenerated, do not edit; changes may be undone by the next 'dep ensure'.


[[projects]]
  branch = "master"
  digest = "1:c2e8fefb03c7266e5f302786d8cfb8ec39cc7e3f5bd0b8146b26e9b6786d0c63"
  name = "github.com/WindomZ/leetcode-graphql"
  packages = ["."]
  pruneopts = "UT"
  revision = "e408e83026da8531c2f995b158203f1ba13ac333"

[[projects]]
  branch = "master"
  digest = "1:73f8f3d39f0f3100420067b1ea4d98533ac96526faef38e3646ebf43aa4ff246"
  name = "github.com/jasonlvhit/gocron"
  packages = ["."]
  pruneopts = "UT"
  revision = "54194c9749d48b073c9aeb2c787b6882e95dd0cd"

[[projects]]
  digest = "1:04e8f6d20cf7698f692a628ceb3bca318cfeae601c91b2ce925126f67848c478"
  name = "github.com/jordan-wright/email"
  packages = ["."]
  pruneopts = "UT"
  revision = "94ae17dedda217a49e3b47d68f1b54b3c946e16b"
  version = "v3.0"

[solve-meta]
  analyzer-name = "dep"
  analyzer-version = 1
  input-imports = [
    "github.com/WindomZ/leetcode-graphql",
    "github.com/jasonlvhit/gocron",
    "github.com/jordan-wright/email",
  ]
  solver-name = "gps-cdcl"
  solver-version = 1
